{
  "nodes": {
    "LuaSnip": {
      "flake": false,
      "locked": {
        "lastModified": 1691137852,
        "narHash": "sha256-x2+z540X7w7PguVjheTGT02py0GzFQidf5a1UN8EjCw=",
        "owner": "L3MON4D3",
        "repo": "LuaSnip",
        "rev": "99a94cc35ec99bf06263d0346128e908a204575c",
        "type": "github"
      },
      "original": {
        "owner": "L3MON4D3",
        "repo": "LuaSnip",
        "type": "github"
      }
    },
    "bufferline": {
      "flake": false,
      "locked": {
        "lastModified": 1690184232,
        "narHash": "sha256-MiQsYeLgADCaUf1x88q/7gO17F992HMlt1pu9dYEmp0=",
        "owner": "akinsho",
        "repo": "bufferline.nvim",
        "rev": "99f0932365b34e22549ff58e1bea388465d15e99",
        "type": "github"
      },
      "original": {
        "owner": "akinsho",
        "repo": "bufferline.nvim",
        "type": "github"
      }
    },
    "cmp": {
      "flake": false,
      "locked": {
        "lastModified": 1688965049,
        "narHash": "sha256-Hq6YUfMQo1rHoay3/NieGCne7U/f06GwUPhN2HO0PdQ=",
        "owner": "hrsh7th",
        "repo": "nvim-cmp",
        "rev": "c4e491a87eeacf0408902c32f031d802c7eafce8",
        "type": "github"
      },
      "original": {
        "owner": "hrsh7th",
        "repo": "nvim-cmp",
        "type": "github"
      }
    },
    "cmp-buffer": {
      "flake": false,
      "locked": {
        "lastModified": 1660101488,
        "narHash": "sha256-dG4U7MtnXThoa/PD+qFtCt76MQ14V1wX8GMYcvxEnbM=",
        "owner": "hrsh7th",
        "repo": "cmp-buffer",
        "rev": "3022dbc9166796b644a841a02de8dd1cc1d311fa",
        "type": "github"
      },
      "original": {
        "owner": "hrsh7th",
        "repo": "cmp-buffer",
        "type": "github"
      }
    },
    "cmp-cmdline": {
      "flake": false,
      "locked": {
        "lastModified": 1686243464,
        "narHash": "sha256-W8v/XhPjbvKSwCrfOAPihO2N9PEVnH5Cp/Fa25lNRw4=",
        "owner": "hrsh7th",
        "repo": "cmp-cmdline",
        "rev": "8ee981b4a91f536f52add291594e89fb6645e451",
        "type": "github"
      },
      "original": {
        "owner": "hrsh7th",
        "repo": "cmp-cmdline",
        "type": "github"
      }
    },
    "cmp-nvim-lsp": {
      "flake": false,
      "locked": {
        "lastModified": 1687494203,
        "narHash": "sha256-mU0soCz79erJXMMqD/FyrJZ0mu2n6fE0deymPzQlxts=",
        "owner": "hrsh7th",
        "repo": "cmp-nvim-lsp",
        "rev": "44b16d11215dce86f253ce0c30949813c0a90765",
        "type": "github"
      },
      "original": {
        "owner": "hrsh7th",
        "repo": "cmp-nvim-lsp",
        "type": "github"
      }
    },
    "cmp-nvim-lsp-signature-help": {
      "flake": false,
      "locked": {
        "lastModified": 1675422985,
        "narHash": "sha256-yDxYvjTIeXIKYR3tg+bf+okXKr5JYc/I9obP+6uKey4=",
        "owner": "hrsh7th",
        "repo": "cmp-nvim-lsp-signature-help",
        "rev": "3d8912ebeb56e5ae08ef0906e3a54de1c66b92f1",
        "type": "github"
      },
      "original": {
        "owner": "hrsh7th",
        "repo": "cmp-nvim-lsp-signature-help",
        "type": "github"
      }
    },
    "cmp-path": {
      "flake": false,
      "locked": {
        "lastModified": 1664784283,
        "narHash": "sha256-thppiiV3wjIaZnAXmsh7j3DUc6ceSCvGzviwFUnoPaI=",
        "owner": "hrsh7th",
        "repo": "cmp-path",
        "rev": "91ff86cd9c29299a64f968ebb45846c485725f23",
        "type": "github"
      },
      "original": {
        "owner": "hrsh7th",
        "repo": "cmp-path",
        "type": "github"
      }
    },
    "cmp_luasnip": {
      "flake": false,
      "locked": {
        "lastModified": 1666943769,
        "narHash": "sha256-Z5SPy3j2oHFxJ7bK8DP8Q/oRyLEMlnWyIfDaQcNVIS0=",
        "owner": "saadparwaiz1",
        "repo": "cmp_luasnip",
        "rev": "18095520391186d634a0045dacaa346291096566",
        "type": "github"
      },
      "original": {
        "owner": "saadparwaiz1",
        "repo": "cmp_luasnip",
        "type": "github"
      }
    },
    "comment": {
      "flake": false,
      "locked": {
        "lastModified": 1690979482,
        "narHash": "sha256-6S5P2K5JzNj38rH5wz6O6G2P2w4Pt7CFg7/rdpsvCzc=",
        "owner": "numToStr",
        "repo": "Comment.nvim",
        "rev": "d0cbbfb539898a275dc4398446ab0ae3b94819bf",
        "type": "github"
      },
      "original": {
        "owner": "numToStr",
        "repo": "Comment.nvim",
        "type": "github"
      }
    },
    "fidget": {
      "flake": false,
      "locked": {
        "lastModified": 1686378433,
        "narHash": "sha256-N3O/AvsD6Ckd62kDEN4z/K5A3SZNR15DnQeZhH6/Rr0=",
        "owner": "j-hui",
        "repo": "fidget.nvim",
        "rev": "90c22e47be057562ee9566bad313ad42d622c1d3",
        "type": "github"
      },
      "original": {
        "owner": "j-hui",
        "ref": "legacy",
        "repo": "fidget.nvim",
        "type": "github"
      }
    },
    "flake-utils": {
      "inputs": {
        "systems": "systems"
      },
      "locked": {
        "lastModified": 1689068808,
        "narHash": "sha256-6ixXo3wt24N/melDWjq70UuHQLxGV8jZvooRanIHXw0=",
        "owner": "numtide",
        "repo": "flake-utils",
        "rev": "919d646de7be200f3bf08cb76ae1f09402b6f9b4",
        "type": "github"
      },
      "original": {
        "owner": "numtide",
        "repo": "flake-utils",
        "type": "github"
      }
    },
    "gitsigns": {
      "flake": false,
      "locked": {
        "lastModified": 1691309686,
        "narHash": "sha256-FjPmzsE87AZeOGcLjpYzfF2h5MfIVy7inecZ4dkE9kg=",
        "owner": "lewis6991",
        "repo": "gitsigns.nvim",
        "rev": "31178496552584e84fa9e74e087dec1f6c347f5d",
        "type": "github"
      },
      "original": {
        "owner": "lewis6991",
        "repo": "gitsigns.nvim",
        "type": "github"
      }
    },
    "horizon": {
      "flake": false,
      "locked": {
        "lastModified": 1672536261,
        "narHash": "sha256-KkjHPjcKBkW3BtIGc9kPxA5GBKr2/B6ULoEK5VSCpe8=",
        "owner": "lunarvim",
        "repo": "horizon.nvim",
        "rev": "f7c758f0ebd47a72dd2832a8744340e72dad62f8",
        "type": "github"
      },
      "original": {
        "owner": "lunarvim",
        "repo": "horizon.nvim",
        "type": "github"
      }
    },
    "lspconfig": {
      "flake": false,
      "locked": {
        "lastModified": 1691128668,
        "narHash": "sha256-jLpzJQcPGOhXBfLSzw2jOgmwI8L7gcIe8y2w0L2qPkg=",
        "owner": "neovim",
        "repo": "nvim-lspconfig",
        "rev": "c0de180ddb3df36feef8ac3607670894d0e7497f",
        "type": "github"
      },
      "original": {
        "owner": "neovim",
        "repo": "nvim-lspconfig",
        "type": "github"
      }
    },
    "nixpkgs": {
      "locked": {
        "lastModified": 1691252436,
        "narHash": "sha256-SKKPKYOnFcwqECehxoFBMLv29CZXC5qCDuETSuXd82g=",
        "owner": "nixos",
        "repo": "nixpkgs",
        "rev": "9607b9149c9d81fdf3dc4f3bcc278da146ffbd77",
        "type": "github"
      },
      "original": {
        "owner": "nixos",
        "ref": "nixos-23.05",
        "repo": "nixpkgs",
        "type": "github"
      }
    },
    "nixpkgs_2": {
      "locked": {
        "lastModified": 1691006197,
        "narHash": "sha256-DbtxVWPt+ZP5W0Usg7jAyTomIM//c3Jtfa59Ht7AV8s=",
        "owner": "nixos",
        "repo": "nixpkgs",
        "rev": "66aedfd010204949cb225cf749be08cb13ce1813",
        "type": "github"
      },
      "original": {
        "owner": "nixos",
        "ref": "nixos-unstable",
        "repo": "nixpkgs",
        "type": "github"
      }
    },
    "null-ls": {
      "flake": false,
      "locked": {
        "lastModified": 1688652536,
        "narHash": "sha256-6KJtj9pbvBm6fOVpnyzO2fEVC+cVrw2XtZHOgq9ieIw=",
        "owner": "jose-elias-alvarez",
        "repo": "null-ls.nvim",
        "rev": "db09b6c691def0038c456551e4e2772186449f35",
        "type": "github"
      },
      "original": {
        "owner": "jose-elias-alvarez",
        "repo": "null-ls.nvim",
        "type": "github"
      }
    },
    "nvim-autopairs": {
      "flake": false,
      "locked": {
        "lastModified": 1689332359,
        "narHash": "sha256-bu+WpW5Wfk3pS74mzVvehl7dVMHgrttmV4ZSlfwbai4=",
        "owner": "windwp",
        "repo": "nvim-autopairs",
        "rev": "ae5b41ce880a6d850055e262d6dfebd362bb276e",
        "type": "github"
      },
      "original": {
        "owner": "windwp",
        "repo": "nvim-autopairs",
        "type": "github"
      }
    },
    "nvim-tree": {
      "flake": false,
      "locked": {
        "lastModified": 1691292370,
        "narHash": "sha256-YQRirmp8QerxwF9qdrSrUKJZiVrBb6ZWpUTfM8H7fl4=",
        "owner": "nvim-tree",
        "repo": "nvim-tree.lua",
        "rev": "904f95cd9db31d1800998fa428e78e418a50181d",
        "type": "github"
      },
      "original": {
        "owner": "nvim-tree",
        "repo": "nvim-tree.lua",
        "type": "github"
      }
    },
    "nvim-ts-autotag": {
      "flake": false,
      "locked": {
        "lastModified": 1686883732,
        "narHash": "sha256-4qTtXYA5HyG1sADV0wsiccO/G89qEoYPmlg8tTx7h8g=",
        "owner": "windwp",
        "repo": "nvim-ts-autotag",
        "rev": "6be1192965df35f94b8ea6d323354f7dc7a557e4",
        "type": "github"
      },
      "original": {
        "owner": "windwp",
        "repo": "nvim-ts-autotag",
        "type": "github"
      }
    },
    "nvim-ts-context-commentstring": {
      "flake": false,
      "locked": {
        "lastModified": 1690436604,
        "narHash": "sha256-AMvc/fDFW0cU/fJFnE7wmlqwtyNHdYhtr0QgBOyBFaU=",
        "owner": "JoosepAlviste",
        "repo": "nvim-ts-context-commentstring",
        "rev": "e9062e2dfb9854e6a927370f2d720de354c88524",
        "type": "github"
      },
      "original": {
        "owner": "JoosepAlviste",
        "repo": "nvim-ts-context-commentstring",
        "type": "github"
      }
    },
    "nvim-web-devicons": {
      "flake": false,
      "locked": {
        "lastModified": 1691286828,
        "narHash": "sha256-NZH2NyiMaLWOsJFgZPZq3OP+F5uzvfPo76czEYiZuII=",
        "owner": "nvim-tree",
        "repo": "nvim-web-devicons",
        "rev": "eb8f80f30fd5e9a6176dee5c46661ebd7437ac46",
        "type": "github"
      },
      "original": {
        "owner": "nvim-tree",
        "repo": "nvim-web-devicons",
        "type": "github"
      }
    },
    "plenary": {
      "flake": false,
      "locked": {
        "lastModified": 1689589150,
        "narHash": "sha256-oRtNcURQzrIRS3D88tWAl3HuFHxVJr8m/zzL7xoa/II=",
        "owner": "nvim-lua",
        "repo": "plenary.nvim",
        "rev": "267282a9ce242bbb0c5dc31445b6d353bed978bb",
        "type": "github"
      },
      "original": {
        "owner": "nvim-lua",
        "repo": "plenary.nvim",
        "type": "github"
      }
    },
    "project": {
      "flake": false,
      "locked": {
        "lastModified": 1680567592,
        "narHash": "sha256-avV3wMiDbraxW4mqlEsKy0oeewaRj9Q33K8NzWoaptU=",
        "owner": "ahmedkhalf",
        "repo": "project.nvim",
        "rev": "8c6bad7d22eef1b71144b401c9f74ed01526a4fb",
        "type": "github"
      },
      "original": {
        "owner": "ahmedkhalf",
        "repo": "project.nvim",
        "type": "github"
      }
    },
    "root": {
      "inputs": {
        "LuaSnip": "LuaSnip",
        "bufferline": "bufferline",
        "cmp": "cmp",
        "cmp-buffer": "cmp-buffer",
        "cmp-cmdline": "cmp-cmdline",
        "cmp-nvim-lsp": "cmp-nvim-lsp",
        "cmp-nvim-lsp-signature-help": "cmp-nvim-lsp-signature-help",
        "cmp-path": "cmp-path",
        "cmp_luasnip": "cmp_luasnip",
        "comment": "comment",
        "fidget": "fidget",
        "gitsigns": "gitsigns",
        "horizon": "horizon",
        "lspconfig": "lspconfig",
        "nixpkgs": "nixpkgs",
        "null-ls": "null-ls",
        "nvim-autopairs": "nvim-autopairs",
        "nvim-tree": "nvim-tree",
        "nvim-ts-autotag": "nvim-ts-autotag",
        "nvim-ts-context-commentstring": "nvim-ts-context-commentstring",
        "nvim-web-devicons": "nvim-web-devicons",
        "plenary": "plenary",
        "project": "project",
        "telescope": "telescope",
        "toggleterm": "toggleterm",
        "tokyonight": "tokyonight",
        "tree-sitter": "tree-sitter",
        "vix": "vix",
        "which-key": "which-key"
      }
    },
    "systems": {
      "locked": {
        "lastModified": 1681028828,
        "narHash": "sha256-Vy1rq5AaRuLzOxct8nz4T6wlgyUR7zLU309k9mBC768=",
        "owner": "nix-systems",
        "repo": "default",
        "rev": "da67096a3b9bf56a91d16901293e51ba5b49a27e",
        "type": "github"
      },
      "original": {
        "owner": "nix-systems",
        "repo": "default",
        "type": "github"
      }
    },
    "telescope": {
      "flake": false,
      "locked": {
        "lastModified": 1691263879,
        "narHash": "sha256-anbuWiMjayZEZu1lgR5xneQ5u8jQYUbw3oxPWpH1gQ0=",
        "owner": "nvim-telescope",
        "repo": "telescope.nvim",
        "rev": "31b05ad3c313210039fae6958fb00449d72c259e",
        "type": "github"
      },
      "original": {
        "owner": "nvim-telescope",
        "repo": "telescope.nvim",
        "type": "github"
      }
    },
    "toggleterm": {
      "flake": false,
      "locked": {
        "lastModified": 1691051828,
        "narHash": "sha256-VFTnDLGy8U3x5ldMUW6okQjQ78qEFPb1n3pcbS2znNY=",
        "owner": "akinsho",
        "repo": "toggleterm.nvim",
        "rev": "12cba0a1967b4f3f31903484dec72a6100dcf515",
        "type": "github"
      },
      "original": {
        "owner": "akinsho",
        "repo": "toggleterm.nvim",
        "type": "github"
      }
    },
    "tokyonight": {
      "flake": false,
      "locked": {
        "lastModified": 1689285710,
        "narHash": "sha256-x26qLaZzg7sJIc1d/5Q/DJ/YvRSc3s87PwPHTPTl+Xk=",
        "owner": "folke",
        "repo": "tokyonight.nvim",
        "rev": "1ee11019f8a81dac989ae1db1a013e3d582e2033",
        "type": "github"
      },
      "original": {
        "owner": "folke",
        "repo": "tokyonight.nvim",
        "type": "github"
      }
    },
    "tree-sitter": {
      "flake": false,
      "locked": {
        "lastModified": 1691222192,
        "narHash": "sha256-pauA8FYe7v7gY0PJ9LbAAkPbtcbxlxg6wFmHz3vYF7Y=",
        "owner": "nvim-treesitter",
        "repo": "nvim-treesitter",
        "rev": "8d5e5dc40a4c480483690777cefb8cf67e710702",
        "type": "github"
      },
      "original": {
        "owner": "nvim-treesitter",
        "repo": "nvim-treesitter",
        "type": "github"
      }
    },
    "vix": {
      "inputs": {
        "flake-utils": "flake-utils",
        "nixpkgs": "nixpkgs_2"
      },
      "locked": {
        "lastModified": 1691340150,
        "narHash": "sha256-ldsuxk4BhKwNICrItsh7WA2PV151AxDtvlhE7jzQFX0=",
        "owner": "manwitha1000names",
        "repo": "vix",
        "rev": "0c6f715816ca9f34ff67095d3ff71e5d0eeceb47",
        "type": "github"
      },
      "original": {
        "owner": "manwitha1000names",
        "repo": "vix",
        "type": "github"
      }
    },
    "which-key": {
      "flake": false,
      "locked": {
        "lastModified": 1690570286,
        "narHash": "sha256-B1+EHd2eH/EbD5Kip9PfhdPyyGfIkD6rsx0Z3rXvb5w=",
        "owner": "folke",
        "repo": "which-key.nvim",
        "rev": "7ccf476ebe0445a741b64e36c78a682c1c6118b7",
        "type": "github"
      },
      "original": {
        "owner": "folke",
        "repo": "which-key.nvim",
        "type": "github"
      }
    }
  },
  "root": "root",
  "version": 7
}
