{
  "nodes": {
    "bufferline": {
      "flake": false,
      "locked": {
        "lastModified": 1716555412,
        "narHash": "sha256-8PCkY1zrlMrPGnQOb7MjqDXNlkeX46jrT4ScIL+MOwM=",
        "owner": "akinsho",
        "repo": "bufferline.nvim",
        "rev": "99337f63f0a3c3ab9519f3d1da7618ca4f91cffe",
        "type": "github"
      },
      "original": {
        "owner": "akinsho",
        "repo": "bufferline.nvim",
        "type": "github"
      }
    },
    "cmp": {
      "flake": false,
      "locked": {
        "lastModified": 1717829983,
        "narHash": "sha256-7tEfEjWH5pneI10jLYpenoysRQPa2zPGLTNcbMX3x2I=",
        "owner": "hrsh7th",
        "repo": "nvim-cmp",
        "rev": "a110e12d0b58eefcf5b771f533fc2cf3050680ac",
        "type": "github"
      },
      "original": {
        "owner": "hrsh7th",
        "repo": "nvim-cmp",
        "type": "github"
      }
    },
    "cmp_buffer": {
      "flake": false,
      "locked": {
        "lastModified": 1660101488,
        "narHash": "sha256-dG4U7MtnXThoa/PD+qFtCt76MQ14V1wX8GMYcvxEnbM=",
        "owner": "hrsh7th",
        "repo": "cmp-buffer",
        "rev": "3022dbc9166796b644a841a02de8dd1cc1d311fa",
        "type": "github"
      },
      "original": {
        "owner": "hrsh7th",
        "repo": "cmp-buffer",
        "type": "github"
      }
    },
    "cmp_cmdline": {
      "flake": false,
      "locked": {
        "lastModified": 1711081050,
        "narHash": "sha256-iBmXp+gUSMbgfkv7c7RDQAwPq02e07wEnBETP0dWBOo=",
        "owner": "hrsh7th",
        "repo": "cmp-cmdline",
        "rev": "d250c63aa13ead745e3a40f61fdd3470efde3923",
        "type": "github"
      },
      "original": {
        "owner": "hrsh7th",
        "repo": "cmp-cmdline",
        "type": "github"
      }
    },
    "cmp_luasnip": {
      "flake": false,
      "locked": {
        "lastModified": 1696878902,
        "narHash": "sha256-nUJJl2zyK/oSwz5RzI9j3gf9zpDfCImCYbPbVsyXgz8=",
        "owner": "saadparwaiz1",
        "repo": "cmp_luasnip",
        "rev": "05a9ab28b53f71d1aece421ef32fee2cb857a843",
        "type": "github"
      },
      "original": {
        "owner": "saadparwaiz1",
        "repo": "cmp_luasnip",
        "type": "github"
      }
    },
    "cmp_nvim_lsp": {
      "flake": false,
      "locked": {
        "lastModified": 1715931395,
        "narHash": "sha256-CT1+Z4XJBVsl/RqvJeGmyitD6x7So0ylXvvef5jh7I8=",
        "owner": "hrsh7th",
        "repo": "cmp-nvim-lsp",
        "rev": "39e2eda76828d88b773cc27a3f61d2ad782c922d",
        "type": "github"
      },
      "original": {
        "owner": "hrsh7th",
        "repo": "cmp-nvim-lsp",
        "type": "github"
      }
    },
    "cmp_path": {
      "flake": false,
      "locked": {
        "lastModified": 1664784283,
        "narHash": "sha256-thppiiV3wjIaZnAXmsh7j3DUc6ceSCvGzviwFUnoPaI=",
        "owner": "hrsh7th",
        "repo": "cmp-path",
        "rev": "91ff86cd9c29299a64f968ebb45846c485725f23",
        "type": "github"
      },
      "original": {
        "owner": "hrsh7th",
        "repo": "cmp-path",
        "type": "github"
      }
    },
    "comment": {
      "flake": false,
      "locked": {
        "lastModified": 1717957420,
        "narHash": "sha256-h0kPue5Eqd5aeu4VoLH45pF0DmWWo1d8SnLICSQ63zc=",
        "owner": "numToStr",
        "repo": "Comment.nvim",
        "rev": "e30b7f2008e52442154b66f7c519bfd2f1e32acb",
        "type": "github"
      },
      "original": {
        "owner": "numToStr",
        "repo": "Comment.nvim",
        "type": "github"
      }
    },
    "fidget": {
      "flake": false,
      "locked": {
        "lastModified": 1730221432,
        "narHash": "sha256-fQBrkHV54TaOeLYQJ1DE+lr7SFDPN1yqSlzhFm26NAY=",
        "owner": "j-hui",
        "repo": "fidget.nvim",
        "rev": "e2a175c2abe2d4f65357da1c98c59a5cfb2b543f",
        "type": "github"
      },
      "original": {
        "owner": "j-hui",
        "repo": "fidget.nvim",
        "type": "github"
      }
    },
    "flake-utils": {
      "inputs": {
        "systems": "systems"
      },
      "locked": {
        "lastModified": 1692799911,
        "narHash": "sha256-3eihraek4qL744EvQXsK1Ha6C3CR7nnT8X2qWap4RNk=",
        "owner": "numtide",
        "repo": "flake-utils",
        "rev": "f9e7cf818399d17d347f847525c5a5a8032e4e44",
        "type": "github"
      },
      "original": {
        "owner": "numtide",
        "repo": "flake-utils",
        "type": "github"
      }
    },
    "gitsigns": {
      "flake": false,
      "locked": {
        "lastModified": 1718888315,
        "narHash": "sha256-beQa2mT0npFEEzxIaaURFJgsuQu1X+aAl+XQcy+XInI=",
        "owner": "lewis6991",
        "repo": "gitsigns.nvim",
        "rev": "0349546134d8a3a3c3a33e2e781b8d7bd07ea156",
        "type": "github"
      },
      "original": {
        "owner": "lewis6991",
        "repo": "gitsigns.nvim",
        "type": "github"
      }
    },
    "horizon": {
      "flake": false,
      "locked": {
        "lastModified": 1672536261,
        "narHash": "sha256-KkjHPjcKBkW3BtIGc9kPxA5GBKr2/B6ULoEK5VSCpe8=",
        "owner": "lunarvim",
        "repo": "horizon.nvim",
        "rev": "f7c758f0ebd47a72dd2832a8744340e72dad62f8",
        "type": "github"
      },
      "original": {
        "owner": "lunarvim",
        "repo": "horizon.nvim",
        "type": "github"
      }
    },
    "lsp_signature": {
      "flake": false,
      "locked": {
        "lastModified": 1726445971,
        "narHash": "sha256-W6bN3R10B84noK7MOzvUOIc82WwyojIS97iFL/dO5yk=",
        "owner": "ray-x",
        "repo": "lsp_signature.nvim",
        "rev": "fc38521ea4d9ec8dbd4c2819ba8126cea743943b",
        "type": "github"
      },
      "original": {
        "owner": "ray-x",
        "repo": "lsp_signature.nvim",
        "type": "github"
      }
    },
    "lspconfig": {
      "flake": false,
      "locked": {
        "lastModified": 1732684400,
        "narHash": "sha256-yxYBCtZIDq5plF/oPFEzjzRCMUSKna0S0NiVfdjdm2w=",
        "owner": "neovim",
        "repo": "nvim-lspconfig",
        "rev": "5d8288c794de811d41490ed6f616d6271e2c1c98",
        "type": "github"
      },
      "original": {
        "owner": "neovim",
        "repo": "nvim-lspconfig",
        "type": "github"
      }
    },
    "luasnip": {
      "flake": false,
      "locked": {
        "lastModified": 1717753191,
        "narHash": "sha256-QgK/tI4KU+ZrVl7NFCP8lX7LWjes1pKvt2Eti/UZna8=",
        "owner": "L3MON4D3",
        "repo": "LuaSnip",
        "rev": "50fcf17db7c75af80e6b6109acfbfb4504768780",
        "type": "github"
      },
      "original": {
        "owner": "L3MON4D3",
        "repo": "LuaSnip",
        "type": "github"
      }
    },
    "nilm": {
      "locked": {
        "lastModified": 1693482049,
        "narHash": "sha256-qkIcx0zDDQXINKq3DcjIdZz7Oc3AMxoFRzFE/lzo4Gw=",
        "owner": "manwitha1000names",
        "repo": "nilm",
        "rev": "f0ca86a01172709edaf680419a27b7c5ba8ae9b1",
        "type": "github"
      },
      "original": {
        "owner": "manwitha1000names",
        "repo": "nilm",
        "type": "github"
      }
    },
    "nixpkgs": {
      "locked": {
        "lastModified": 1732521221,
        "narHash": "sha256-2ThgXBUXAE1oFsVATK1ZX9IjPcS4nKFOAjhPNKuiMn0=",
        "owner": "nixos",
        "repo": "nixpkgs",
        "rev": "4633a7c72337ea8fd23a4f2ba3972865e3ec685d",
        "type": "github"
      },
      "original": {
        "owner": "nixos",
        "ref": "nixos-unstable",
        "repo": "nixpkgs",
        "type": "github"
      }
    },
    "null-ls": {
      "flake": false,
      "locked": {
        "lastModified": 1691810493,
        "narHash": "sha256-cWA0rzkOp/ekVKaFee7iea1lhnqKtWUIU+fW5M950wI=",
        "owner": "jose-elias-alvarez",
        "repo": "null-ls.nvim",
        "rev": "0010ea927ab7c09ef0ce9bf28c2b573fc302f5a7",
        "type": "github"
      },
      "original": {
        "owner": "jose-elias-alvarez",
        "repo": "null-ls.nvim",
        "type": "github"
      }
    },
    "nvim-autopairs": {
      "flake": false,
      "locked": {
        "lastModified": 1716158088,
        "narHash": "sha256-YEAqjlzVrS/VLrkwGo3L7cNOE1LuyLYlBtkR2HA5oVk=",
        "owner": "windwp",
        "repo": "nvim-autopairs",
        "rev": "c15de7e7981f1111642e7e53799e1211d4606cb9",
        "type": "github"
      },
      "original": {
        "owner": "windwp",
        "repo": "nvim-autopairs",
        "type": "github"
      }
    },
    "nvim-tree": {
      "flake": false,
      "locked": {
        "lastModified": 1717900986,
        "narHash": "sha256-7KO3wPW65IH4m0jEoyFScNiAVwrlNHU+p0H55AuwlWk=",
        "owner": "nvim-tree",
        "repo": "nvim-tree.lua",
        "rev": "2086e564c4d23fea714e8a6d63b881e551af2f41",
        "type": "github"
      },
      "original": {
        "owner": "nvim-tree",
        "repo": "nvim-tree.lua",
        "type": "github"
      }
    },
    "nvim-ts-autotag": {
      "flake": false,
      "locked": {
        "lastModified": 1718145287,
        "narHash": "sha256-f12txLDl7ncLhLdc9PbtDlG2fkWGz4cJYp0tNYaXQ8w=",
        "owner": "windwp",
        "repo": "nvim-ts-autotag",
        "rev": "06fe07d7523ba8c755fac7c913fceba43b1720ee",
        "type": "github"
      },
      "original": {
        "owner": "windwp",
        "repo": "nvim-ts-autotag",
        "type": "github"
      }
    },
    "nvim-web-devicons": {
      "flake": false,
      "locked": {
        "lastModified": 1717894639,
        "narHash": "sha256-j/B/E1VltJ/QpVFtDKAdVC4+KZ5Mz8dQP5kd8HIHjLs=",
        "owner": "nvim-tree",
        "repo": "nvim-web-devicons",
        "rev": "c0cfc1738361b5da1cd0a962dd6f774cc444f856",
        "type": "github"
      },
      "original": {
        "owner": "nvim-tree",
        "repo": "nvim-web-devicons",
        "type": "github"
      }
    },
    "plenary": {
      "flake": false,
      "locked": {
        "lastModified": 1716230027,
        "narHash": "sha256-5Jf2mWFVDofXBcXLbMa417mqlEPWLA+cQIZH/vNEV1g=",
        "owner": "nvim-lua",
        "repo": "plenary.nvim",
        "rev": "a3e3bc82a3f95c5ed0d7201546d5d2c19b20d683",
        "type": "github"
      },
      "original": {
        "owner": "nvim-lua",
        "repo": "plenary.nvim",
        "type": "github"
      }
    },
    "project_nvim": {
      "flake": false,
      "locked": {
        "lastModified": 1680567592,
        "narHash": "sha256-avV3wMiDbraxW4mqlEsKy0oeewaRj9Q33K8NzWoaptU=",
        "owner": "ahmedkhalf",
        "repo": "project.nvim",
        "rev": "8c6bad7d22eef1b71144b401c9f74ed01526a4fb",
        "type": "github"
      },
      "original": {
        "owner": "ahmedkhalf",
        "repo": "project.nvim",
        "type": "github"
      }
    },
    "root": {
      "inputs": {
        "bufferline": "bufferline",
        "cmp": "cmp",
        "cmp_buffer": "cmp_buffer",
        "cmp_cmdline": "cmp_cmdline",
        "cmp_luasnip": "cmp_luasnip",
        "cmp_nvim_lsp": "cmp_nvim_lsp",
        "cmp_path": "cmp_path",
        "comment": "comment",
        "fidget": "fidget",
        "gitsigns": "gitsigns",
        "horizon": "horizon",
        "lsp_signature": "lsp_signature",
        "lspconfig": "lspconfig",
        "luasnip": "luasnip",
        "nixpkgs": "nixpkgs",
        "null-ls": "null-ls",
        "nvim-autopairs": "nvim-autopairs",
        "nvim-tree": "nvim-tree",
        "nvim-ts-autotag": "nvim-ts-autotag",
        "nvim-web-devicons": "nvim-web-devicons",
        "plenary": "plenary",
        "project_nvim": "project_nvim",
        "schemastore": "schemastore",
        "telescope": "telescope",
        "toggleterm": "toggleterm",
        "tokyonight": "tokyonight",
        "tree-sitter": "tree-sitter",
        "ts_context_commentstring": "ts_context_commentstring",
        "vix": "vix",
        "which-key": "which-key"
      }
    },
    "schemastore": {
      "flake": false,
      "locked": {
        "lastModified": 1718820038,
        "narHash": "sha256-txOPBs7wmkipOICtnLD/2JZQbPg4s8t0224m08XYkLc=",
        "owner": "b0o",
        "repo": "SchemaStore.nvim",
        "rev": "d733b0051a4a5ac72b863acc1ee0841bc4f7249e",
        "type": "github"
      },
      "original": {
        "owner": "b0o",
        "repo": "SchemaStore.nvim",
        "type": "github"
      }
    },
    "systems": {
      "locked": {
        "lastModified": 1681028828,
        "narHash": "sha256-Vy1rq5AaRuLzOxct8nz4T6wlgyUR7zLU309k9mBC768=",
        "owner": "nix-systems",
        "repo": "default",
        "rev": "da67096a3b9bf56a91d16901293e51ba5b49a27e",
        "type": "github"
      },
      "original": {
        "owner": "nix-systems",
        "repo": "default",
        "type": "github"
      }
    },
    "telescope": {
      "flake": false,
      "locked": {
        "lastModified": 1718476826,
        "narHash": "sha256-Hu/ETNN6Zy6kezTS5B/Z/bLp0Gjo0ehA0XmiBmb6YJI=",
        "owner": "nvim-telescope",
        "repo": "telescope.nvim",
        "rev": "c392f1b78eaaf870ca584bd698e78076ed301b26",
        "type": "github"
      },
      "original": {
        "owner": "nvim-telescope",
        "repo": "telescope.nvim",
        "type": "github"
      }
    },
    "toggleterm": {
      "flake": false,
      "locked": {
        "lastModified": 1716115307,
        "narHash": "sha256-h82zisizLm0FOt4l8lzgC/spFk3R5Gx25A5YgULwW8U=",
        "owner": "akinsho",
        "repo": "toggleterm.nvim",
        "rev": "fee58a0473fd92b28c34f8f724e4918b15ba30a3",
        "type": "github"
      },
      "original": {
        "owner": "akinsho",
        "repo": "toggleterm.nvim",
        "type": "github"
      }
    },
    "tokyonight": {
      "flake": false,
      "locked": {
        "lastModified": 1718290541,
        "narHash": "sha256-T8ERhTOBAoHJz2zAbmSRFbybwl6nl1uFI+rrs7/0Bi8=",
        "owner": "folke",
        "repo": "tokyonight.nvim",
        "rev": "81c867c5f638597a82c82094dcb90ed42444dabc",
        "type": "github"
      },
      "original": {
        "owner": "folke",
        "repo": "tokyonight.nvim",
        "type": "github"
      }
    },
    "tree-sitter": {
      "flake": false,
      "locked": {
        "lastModified": 1718866834,
        "narHash": "sha256-343bix2DlgUCWSoLQqpSHq94Fq95yDzDaY0tfmo7RPQ=",
        "owner": "nvim-treesitter",
        "repo": "nvim-treesitter",
        "rev": "7b04b398f868563cac37ae90baffd7c3dca513fe",
        "type": "github"
      },
      "original": {
        "owner": "nvim-treesitter",
        "repo": "nvim-treesitter",
        "type": "github"
      }
    },
    "ts_context_commentstring": {
      "flake": false,
      "locked": {
        "lastModified": 1716355849,
        "narHash": "sha256-hI/vsHbX7g5cAHwPewu3GYXpeby9n21uz3a5l+7Pvo8=",
        "owner": "JoosepAlviste",
        "repo": "nvim-ts-context-commentstring",
        "rev": "cb064386e667def1d241317deed9fd1b38f0dc2e",
        "type": "github"
      },
      "original": {
        "owner": "JoosepAlviste",
        "repo": "nvim-ts-context-commentstring",
        "type": "github"
      }
    },
    "vix": {
      "inputs": {
        "flake-utils": "flake-utils",
        "nilm": "nilm"
      },
      "locked": {
        "lastModified": 1732704837,
        "narHash": "sha256-cUckd5YFQlZW28j2D3K+73POAhLYdiTNNDqn1VDzAw4=",
        "owner": "manwitha1000names",
        "repo": "vix",
        "rev": "240ebb2d2111e81708b880a79ccda0eb66375fcd",
        "type": "github"
      },
      "original": {
        "owner": "manwitha1000names",
        "repo": "vix",
        "type": "github"
      }
    },
    "which-key": {
      "flake": false,
      "locked": {
        "lastModified": 1717769072,
        "narHash": "sha256-xfz51JQsEqaPRSzFw6DxM8yKFznOk9o9ETlZkErSzNg=",
        "owner": "folke",
        "repo": "which-key.nvim",
        "rev": "0099511294f16b81c696004fa6a403b0ae61f7a0",
        "type": "github"
      },
      "original": {
        "owner": "folke",
        "repo": "which-key.nvim",
        "type": "github"
      }
    }
  },
  "root": "root",
  "version": 7
}
